PODS:
  - Flutter (1.0.0)
  - instagram_basic_display_api (0.0.1):
    - Flutter
    - KeychainAccess
  - KeychainAccess (4.2.2)

DEPENDENCIES:
  - Flutter (from `Flutter`)
  - instagram_basic_display_api (from `.symlinks/plugins/instagram_basic_display_api/ios`)

SPEC REPOS:
  trunk:
    - KeychainAccess

EXTERNAL SOURCES:
  Flutter:
    :path: Flutter
  instagram_basic_display_api:
    :path: ".symlinks/plugins/instagram_basic_display_api/ios"

SPEC CHECKSUMS:
  Flutter: 434fef37c0980e73bb6479ef766c45957d4b510c
  instagram_basic_display_api: 4500c7d674320a2efb35897b751ba8103cbc4e69
  KeychainAccess: c0c4f7f38f6fc7bbe58f5702e25f7bd2f65abf51

PODFILE CHECKSUM: aafe91acc616949ddb318b77800a7f51bffa2a4c

COCOAPODS: 1.10.1
